// !$*UTF8*$!
{
	archiveVersion = 1;
	classes = {
	};
	objectVersion = 50;
	objects = {

/* Begin PBXBuildFile section */
		0764CB475F1DD50E93B017DB /* Pods_Adega.framework in Frameworks */ = {isa = PBXBuildFile; fileRef = BB0D1EFDFFA5C9A65A8D4296 /* Pods_Adega.framework */; };
		5595E17D77A9F4DF7249DCD0 /* Pods_AdegaTests.framework in Frameworks */ = {isa = PBXBuildFile; fileRef = E61FC6D51A2EA54CD4410B8C /* Pods_AdegaTests.framework */; };
		6C039C7D21E7A64F004696F7 /* ItensCarrinhoTableViewCell.swift in Sources */ = {isa = PBXBuildFile; fileRef = 6C039C7B21E7A64F004696F7 /* ItensCarrinhoTableViewCell.swift */; };
		6C039C7E21E7A64F004696F7 /* ItensCarrinhoTableViewCell.xib in Resources */ = {isa = PBXBuildFile; fileRef = 6C039C7C21E7A64F004696F7 /* ItensCarrinhoTableViewCell.xib */; };
		6C039C8C21E7B33E004696F7 /* AdicionarMaisTableViewCell.swift in Sources */ = {isa = PBXBuildFile; fileRef = 6C039C8A21E7B33E004696F7 /* AdicionarMaisTableViewCell.swift */; };
		6C039C8D21E7B33E004696F7 /* AdicionarMaisTableViewCell.xib in Resources */ = {isa = PBXBuildFile; fileRef = 6C039C8B21E7B33E004696F7 /* AdicionarMaisTableViewCell.xib */; };
		6C039C9121E7CACF004696F7 /* PagamentoTableViewCell.swift in Sources */ = {isa = PBXBuildFile; fileRef = 6C039C8F21E7CACF004696F7 /* PagamentoTableViewCell.swift */; };
		6C039C9221E7CACF004696F7 /* PagamentoTableViewCell.xib in Resources */ = {isa = PBXBuildFile; fileRef = 6C039C9021E7CACF004696F7 /* PagamentoTableViewCell.xib */; };
		6C039C9721E7CB15004696F7 /* HeaderTableViewCell.swift in Sources */ = {isa = PBXBuildFile; fileRef = 6C039C9521E7CB15004696F7 /* HeaderTableViewCell.swift */; };
		6C039C9821E7CB15004696F7 /* HeaderTableViewCell.xib in Resources */ = {isa = PBXBuildFile; fileRef = 6C039C9621E7CB15004696F7 /* HeaderTableViewCell.xib */; };
		6C109678221C42EA00F5B554 /* GoogleService-Info.plist in Resources */ = {isa = PBXBuildFile; fileRef = 6C109677221C42EA00F5B554 /* GoogleService-Info.plist */; };
		6C193B22221DB746000AB850 /* MeusDadosDonoViewController.swift in Sources */ = {isa = PBXBuildFile; fileRef = 6C193B21221DB746000AB850 /* MeusDadosDonoViewController.swift */; };
		6C193B24221DD09F000AB850 /* MBSobreOAppViewController - cópia.swift in Sources */ = {isa = PBXBuildFile; fileRef = 6C193B23221DD09E000AB850 /* MBSobreOAppViewController - cópia.swift */; };
		6C193B26221DD112000AB850 /* MBContactViewcontroller - cópia.swift in Sources */ = {isa = PBXBuildFile; fileRef = 6C193B25221DD112000AB850 /* MBContactViewcontroller - cópia.swift */; };
		6C3D4D84221509FA00A61C42 /* MenuDonoViewController.swift in Sources */ = {isa = PBXBuildFile; fileRef = 6C3D4D83221509FA00A61C42 /* MenuDonoViewController.swift */; };
		6C44A17321E3B4D0008ED84A /* PedidoDetalheTableViewCell.swift in Sources */ = {isa = PBXBuildFile; fileRef = 6C44A17121E3B4D0008ED84A /* PedidoDetalheTableViewCell.swift */; };
		6C44A17421E3B4D0008ED84A /* PedidoDetalheTableViewCell.xib in Resources */ = {isa = PBXBuildFile; fileRef = 6C44A17221E3B4D0008ED84A /* PedidoDetalheTableViewCell.xib */; };
		6C44A17621E3B9F2008ED84A /* PedidoDetalheViewController.swift in Sources */ = {isa = PBXBuildFile; fileRef = 6C44A17521E3B9F2008ED84A /* PedidoDetalheViewController.swift */; };
		6C44A17921E3C86C008ED84A /* CarrinhoViewController.swift in Sources */ = {isa = PBXBuildFile; fileRef = 6C44A17821E3C86C008ED84A /* CarrinhoViewController.swift */; };
		6C4833B3221D0C57009EE31F /* TermosDeUsoViewController.swift in Sources */ = {isa = PBXBuildFile; fileRef = 6C4833B2221D0C57009EE31F /* TermosDeUsoViewController.swift */; };
		6C49900021EE6A49009919C2 /* Pedido.swift in Sources */ = {isa = PBXBuildFile; fileRef = 6C498FFF21EE6A49009919C2 /* Pedido.swift */; };
		6C5876AA21EF8701006635A7 /* ItensCarrinho.swift in Sources */ = {isa = PBXBuildFile; fileRef = 6C5876A921EF8701006635A7 /* ItensCarrinho.swift */; };
		6C59A0C821ECC8A700D1FB00 /* Usuario.swift in Sources */ = {isa = PBXBuildFile; fileRef = 6C59A0C721ECC8A700D1FB00 /* Usuario.swift */; };
		6C59A0CA21ECDB2C00D1FB00 /* CadastroInfoViewController.swift in Sources */ = {isa = PBXBuildFile; fileRef = 6C59A0C921ECDB2C00D1FB00 /* CadastroInfoViewController.swift */; };
		6C62B22221FF295C0050122E /* MeusDadosViewController.swift in Sources */ = {isa = PBXBuildFile; fileRef = 6C62B22121FF295C0050122E /* MeusDadosViewController.swift */; };
		6C62B22621FF30980050122E /* TotaisPagamentoTableViewCell.swift in Sources */ = {isa = PBXBuildFile; fileRef = 6C62B22421FF30980050122E /* TotaisPagamentoTableViewCell.swift */; };
		6C62B22721FF30990050122E /* TotaisPagamentoTableViewCell.xib in Resources */ = {isa = PBXBuildFile; fileRef = 6C62B22521FF30980050122E /* TotaisPagamentoTableViewCell.xib */; };
		6C72CEB521E8E44000463107 /* HeaderCarrinhoTableViewCell.swift in Sources */ = {isa = PBXBuildFile; fileRef = 6C72CEB321E8E44000463107 /* HeaderCarrinhoTableViewCell.swift */; };
		6C72CEB621E8E44000463107 /* HeaderCarrinhoTableViewCell.xib in Resources */ = {isa = PBXBuildFile; fileRef = 6C72CEB421E8E44000463107 /* HeaderCarrinhoTableViewCell.xib */; };
		6C79EFE721F2540A0018DC13 /* PedidosAdegaTableViewCell.swift in Sources */ = {isa = PBXBuildFile; fileRef = 6C79EFE521F2540A0018DC13 /* PedidosAdegaTableViewCell.swift */; };
		6C79EFE821F2540A0018DC13 /* PedidosAdegaTableViewCell.xib in Resources */ = {isa = PBXBuildFile; fileRef = 6C79EFE621F2540A0018DC13 /* PedidosAdegaTableViewCell.xib */; };
		6C79EFEC21F263E00018DC13 /* FormaPagamentoAdegaTableViewCell.swift in Sources */ = {isa = PBXBuildFile; fileRef = 6C79EFEA21F263E00018DC13 /* FormaPagamentoAdegaTableViewCell.swift */; };
		6C79EFED21F263E00018DC13 /* FormaPagamentoAdegaTableViewCell.xib in Resources */ = {isa = PBXBuildFile; fileRef = 6C79EFEB21F263E00018DC13 /* FormaPagamentoAdegaTableViewCell.xib */; };
		6C79EFF221F267AC0018DC13 /* StatusPedidosTableViewCell.swift in Sources */ = {isa = PBXBuildFile; fileRef = 6C79EFF021F267AC0018DC13 /* StatusPedidosTableViewCell.swift */; };
		6C79EFF321F267AC0018DC13 /* StatusPedidosTableViewCell.xib in Resources */ = {isa = PBXBuildFile; fileRef = 6C79EFF121F267AC0018DC13 /* StatusPedidosTableViewCell.xib */; };
		6C79EFF521F26AEE0018DC13 /* PedidosAcompanhamentoViewController.swift in Sources */ = {isa = PBXBuildFile; fileRef = 6C79EFF421F26AEE0018DC13 /* PedidosAcompanhamentoViewController.swift */; };
		6C79EFFF21F26DC30018DC13 /* TotalPedidosTableViewCell.swift in Sources */ = {isa = PBXBuildFile; fileRef = 6C79EFFD21F26DC30018DC13 /* TotalPedidosTableViewCell.swift */; };
		6C79F00021F26DC30018DC13 /* TotalPedidosTableViewCell.xib in Resources */ = {isa = PBXBuildFile; fileRef = 6C79EFFE21F26DC30018DC13 /* TotalPedidosTableViewCell.xib */; };
		6C79F00421F2727D0018DC13 /* HeaderBasicoTableViewCell.swift in Sources */ = {isa = PBXBuildFile; fileRef = 6C79F00221F2727D0018DC13 /* HeaderBasicoTableViewCell.swift */; };
		6C79F00521F2727D0018DC13 /* HeaderBasicoTableViewCell.xib in Resources */ = {isa = PBXBuildFile; fileRef = 6C79F00321F2727D0018DC13 /* HeaderBasicoTableViewCell.xib */; };
		6C7DFFD721E50CF700C24596 /* InicialViewController.swift in Sources */ = {isa = PBXBuildFile; fileRef = 6C7DFFD621E50CF700C24596 /* InicialViewController.swift */; };
		6C7DFFDA21E51A4A00C24596 /* CadastrarViewController.swift in Sources */ = {isa = PBXBuildFile; fileRef = 6C7DFFD921E51A4A00C24596 /* CadastrarViewController.swift */; };
		6C8B68A921DEC5F0001AEFE9 /* CardapioViewController.swift in Sources */ = {isa = PBXBuildFile; fileRef = 6C8B68A821DEC5F0001AEFE9 /* CardapioViewController.swift */; };
		6C8B68AB21DED322001AEFE9 /* MeuCardapioViewController.swift in Sources */ = {isa = PBXBuildFile; fileRef = 6C8B68AA21DED322001AEFE9 /* MeuCardapioViewController.swift */; };
		6C8B68AD21DED33A001AEFE9 /* PedidosViewController.swift in Sources */ = {isa = PBXBuildFile; fileRef = 6C8B68AC21DED33A001AEFE9 /* PedidosViewController.swift */; };
		6C94E88321F0C51E00333A4A /* EstoqueAtualizaViewController.swift in Sources */ = {isa = PBXBuildFile; fileRef = 6C94E88221F0C51E00333A4A /* EstoqueAtualizaViewController.swift */; };
		6CB11B9421E909400096860D /* ProdutosSelecionaViewController.swift in Sources */ = {isa = PBXBuildFile; fileRef = 6CB11B9321E909400096860D /* ProdutosSelecionaViewController.swift */; };
		6CB700C221DD308B00CF0429 /* AppDelegate.swift in Sources */ = {isa = PBXBuildFile; fileRef = 6CB700C121DD308B00CF0429 /* AppDelegate.swift */; };
		6CB700C421DD308B00CF0429 /* ViewController.swift in Sources */ = {isa = PBXBuildFile; fileRef = 6CB700C321DD308B00CF0429 /* ViewController.swift */; };
		6CB700C721DD308B00CF0429 /* Main.storyboard in Resources */ = {isa = PBXBuildFile; fileRef = 6CB700C521DD308B00CF0429 /* Main.storyboard */; };
		6CB700CA21DD308B00CF0429 /* Adega.xcdatamodeld in Sources */ = {isa = PBXBuildFile; fileRef = 6CB700C821DD308B00CF0429 /* Adega.xcdatamodeld */; };
		6CB700CC21DD308D00CF0429 /* Assets.xcassets in Resources */ = {isa = PBXBuildFile; fileRef = 6CB700CB21DD308D00CF0429 /* Assets.xcassets */; };
		6CB700CF21DD308D00CF0429 /* LaunchScreen.storyboard in Resources */ = {isa = PBXBuildFile; fileRef = 6CB700CD21DD308D00CF0429 /* LaunchScreen.storyboard */; };
		6CB700DA21DD308D00CF0429 /* AdegaTests.swift in Sources */ = {isa = PBXBuildFile; fileRef = 6CB700D921DD308D00CF0429 /* AdegaTests.swift */; };
		6CB700E521DD308D00CF0429 /* AdegaUITests.swift in Sources */ = {isa = PBXBuildFile; fileRef = 6CB700E421DD308D00CF0429 /* AdegaUITests.swift */; };
		6CB700FF21DD525300CF0429 /* CardapioTableViewCell.swift in Sources */ = {isa = PBXBuildFile; fileRef = 6CB700FD21DD525300CF0429 /* CardapioTableViewCell.swift */; };
		6CB7010021DD525300CF0429 /* CardapioTableViewCell.xib in Resources */ = {isa = PBXBuildFile; fileRef = 6CB700FE21DD525300CF0429 /* CardapioTableViewCell.xib */; };
		6CB7010421DE6F3800CF0429 /* MeuCardapioTableViewCell.swift in Sources */ = {isa = PBXBuildFile; fileRef = 6CB7010221DE6F3800CF0429 /* MeuCardapioTableViewCell.swift */; };
		6CB7010521DE6F3800CF0429 /* MeuCardapioTableViewCell.xib in Resources */ = {isa = PBXBuildFile; fileRef = 6CB7010321DE6F3800CF0429 /* MeuCardapioTableViewCell.xib */; };
		6CDB5C3121E63F1D00D4CE1F /* CadastroProdutosViewController.swift in Sources */ = {isa = PBXBuildFile; fileRef = 6CDB5C3021E63F1D00D4CE1F /* CadastroProdutosViewController.swift */; };
		6CF36D6F2213168D0041AEE9 /* ValoresPedido.swift in Sources */ = {isa = PBXBuildFile; fileRef = 6CF36D6E2213168D0041AEE9 /* ValoresPedido.swift */; };
		6CF36D73221357240041AEE9 /* MenuClienteViewController.swift in Sources */ = {isa = PBXBuildFile; fileRef = 6CF36D72221357240041AEE9 /* MenuClienteViewController.swift */; };
		6CF537CB21E652D5006DF1F0 /* Produto.swift in Sources */ = {isa = PBXBuildFile; fileRef = 6CF537CA21E652D5006DF1F0 /* Produto.swift */; };
		AF554BC328853973E9A9AC70 /* Pods_AdegaUITests.framework in Frameworks */ = {isa = PBXBuildFile; fileRef = 27C665BB197CBF7CEBD40AE4 /* Pods_AdegaUITests.framework */; };
/* End PBXBuildFile section */

/* Begin PBXContainerItemProxy section */
		6CB700D621DD308D00CF0429 /* PBXContainerItemProxy */ = {
			isa = PBXContainerItemProxy;
			containerPortal = 6CB700B621DD308B00CF0429 /* Project object */;
			proxyType = 1;
			remoteGlobalIDString = 6CB700BD21DD308B00CF0429;
			remoteInfo = Adega;
		};
		6CB700E121DD308D00CF0429 /* PBXContainerItemProxy */ = {
			isa = PBXContainerItemProxy;
			containerPortal = 6CB700B621DD308B00CF0429 /* Project object */;
			proxyType = 1;
			remoteGlobalIDString = 6CB700BD21DD308B00CF0429;
			remoteInfo = Adega;
		};
/* End PBXContainerItemProxy section */

/* Begin PBXFileReference section */
		1315E14C40A38BF5D7C079E9 /* Pods-Adega.release.xcconfig */ = {isa = PBXFileReference; includeInIndex = 1; lastKnownFileType = text.xcconfig; name = "Pods-Adega.release.xcconfig"; path = "Pods/Target Support Files/Pods-Adega/Pods-Adega.release.xcconfig"; sourceTree = "<group>"; };
		165E953F8675B095DD22D1BE /* Pods-Adega.debug.xcconfig */ = {isa = PBXFileReference; includeInIndex = 1; lastKnownFileType = text.xcconfig; name = "Pods-Adega.debug.xcconfig"; path = "Pods/Target Support Files/Pods-Adega/Pods-Adega.debug.xcconfig"; sourceTree = "<group>"; };
		2491D340FB735386C42072CA /* Pods-AdegaUITests.release.xcconfig */ = {isa = PBXFileReference; includeInIndex = 1; lastKnownFileType = text.xcconfig; name = "Pods-AdegaUITests.release.xcconfig"; path = "Pods/Target Support Files/Pods-AdegaUITests/Pods-AdegaUITests.release.xcconfig"; sourceTree = "<group>"; };
		27C665BB197CBF7CEBD40AE4 /* Pods_AdegaUITests.framework */ = {isa = PBXFileReference; explicitFileType = wrapper.framework; includeInIndex = 0; path = Pods_AdegaUITests.framework; sourceTree = BUILT_PRODUCTS_DIR; };
		57CE1FB1D30444B75A970EC8 /* Pods-AdegaUITests.debug.xcconfig */ = {isa = PBXFileReference; includeInIndex = 1; lastKnownFileType = text.xcconfig; name = "Pods-AdegaUITests.debug.xcconfig"; path = "Pods/Target Support Files/Pods-AdegaUITests/Pods-AdegaUITests.debug.xcconfig"; sourceTree = "<group>"; };
		6C039C7B21E7A64F004696F7 /* ItensCarrinhoTableViewCell.swift */ = {isa = PBXFileReference; lastKnownFileType = sourcecode.swift; path = ItensCarrinhoTableViewCell.swift; sourceTree = "<group>"; };
		6C039C7C21E7A64F004696F7 /* ItensCarrinhoTableViewCell.xib */ = {isa = PBXFileReference; lastKnownFileType = file.xib; path = ItensCarrinhoTableViewCell.xib; sourceTree = "<group>"; };
		6C039C8A21E7B33E004696F7 /* AdicionarMaisTableViewCell.swift */ = {isa = PBXFileReference; lastKnownFileType = sourcecode.swift; path = AdicionarMaisTableViewCell.swift; sourceTree = "<group>"; };
		6C039C8B21E7B33E004696F7 /* AdicionarMaisTableViewCell.xib */ = {isa = PBXFileReference; lastKnownFileType = file.xib; path = AdicionarMaisTableViewCell.xib; sourceTree = "<group>"; };
		6C039C8F21E7CACF004696F7 /* PagamentoTableViewCell.swift */ = {isa = PBXFileReference; lastKnownFileType = sourcecode.swift; path = PagamentoTableViewCell.swift; sourceTree = "<group>"; };
		6C039C9021E7CACF004696F7 /* PagamentoTableViewCell.xib */ = {isa = PBXFileReference; lastKnownFileType = file.xib; path = PagamentoTableViewCell.xib; sourceTree = "<group>"; };
		6C039C9521E7CB15004696F7 /* HeaderTableViewCell.swift */ = {isa = PBXFileReference; lastKnownFileType = sourcecode.swift; path = HeaderTableViewCell.swift; sourceTree = "<group>"; };
		6C039C9621E7CB15004696F7 /* HeaderTableViewCell.xib */ = {isa = PBXFileReference; lastKnownFileType = file.xib; path = HeaderTableViewCell.xib; sourceTree = "<group>"; };
		6C109677221C42EA00F5B554 /* GoogleService-Info.plist */ = {isa = PBXFileReference; fileEncoding = 4; lastKnownFileType = text.plist.xml; path = "GoogleService-Info.plist"; sourceTree = SOURCE_ROOT; };
		6C193B21221DB746000AB850 /* MeusDadosDonoViewController.swift */ = {isa = PBXFileReference; lastKnownFileType = sourcecode.swift; path = MeusDadosDonoViewController.swift; sourceTree = "<group>"; };
		6C193B23221DD09E000AB850 /* MBSobreOAppViewController - cópia.swift */ = {isa = PBXFileReference; fileEncoding = 4; lastKnownFileType = sourcecode.swift; path = "MBSobreOAppViewController - cópia.swift"; sourceTree = "<group>"; };
		6C193B25221DD112000AB850 /* MBContactViewcontroller - cópia.swift */ = {isa = PBXFileReference; fileEncoding = 4; lastKnownFileType = sourcecode.swift; path = "MBContactViewcontroller - cópia.swift"; sourceTree = "<group>"; };
		6C3D4D83221509FA00A61C42 /* MenuDonoViewController.swift */ = {isa = PBXFileReference; lastKnownFileType = sourcecode.swift; path = MenuDonoViewController.swift; sourceTree = "<group>"; };
		6C44A17121E3B4D0008ED84A /* PedidoDetalheTableViewCell.swift */ = {isa = PBXFileReference; lastKnownFileType = sourcecode.swift; path = PedidoDetalheTableViewCell.swift; sourceTree = "<group>"; };
		6C44A17221E3B4D0008ED84A /* PedidoDetalheTableViewCell.xib */ = {isa = PBXFileReference; lastKnownFileType = file.xib; path = PedidoDetalheTableViewCell.xib; sourceTree = "<group>"; };
		6C44A17521E3B9F2008ED84A /* PedidoDetalheViewController.swift */ = {isa = PBXFileReference; lastKnownFileType = sourcecode.swift; path = PedidoDetalheViewController.swift; sourceTree = "<group>"; };
		6C44A17821E3C86C008ED84A /* CarrinhoViewController.swift */ = {isa = PBXFileReference; lastKnownFileType = sourcecode.swift; path = CarrinhoViewController.swift; sourceTree = "<group>"; };
		6C4833B2221D0C57009EE31F /* TermosDeUsoViewController.swift */ = {isa = PBXFileReference; lastKnownFileType = sourcecode.swift; path = TermosDeUsoViewController.swift; sourceTree = "<group>"; };
		6C498FFF21EE6A49009919C2 /* Pedido.swift */ = {isa = PBXFileReference; lastKnownFileType = sourcecode.swift; path = Pedido.swift; sourceTree = "<group>"; };
		6C5876A921EF8701006635A7 /* ItensCarrinho.swift */ = {isa = PBXFileReference; lastKnownFileType = sourcecode.swift; path = ItensCarrinho.swift; sourceTree = "<group>"; };
		6C59A0C721ECC8A700D1FB00 /* Usuario.swift */ = {isa = PBXFileReference; lastKnownFileType = sourcecode.swift; path = Usuario.swift; sourceTree = "<group>"; };
		6C59A0C921ECDB2C00D1FB00 /* CadastroInfoViewController.swift */ = {isa = PBXFileReference; lastKnownFileType = sourcecode.swift; path = CadastroInfoViewController.swift; sourceTree = "<group>"; };
		6C62B22121FF295C0050122E /* MeusDadosViewController.swift */ = {isa = PBXFileReference; lastKnownFileType = sourcecode.swift; path = MeusDadosViewController.swift; sourceTree = "<group>"; };
		6C62B22421FF30980050122E /* TotaisPagamentoTableViewCell.swift */ = {isa = PBXFileReference; lastKnownFileType = sourcecode.swift; path = TotaisPagamentoTableViewCell.swift; sourceTree = "<group>"; };
		6C62B22521FF30980050122E /* TotaisPagamentoTableViewCell.xib */ = {isa = PBXFileReference; lastKnownFileType = file.xib; path = TotaisPagamentoTableViewCell.xib; sourceTree = "<group>"; };
		6C72CEB321E8E44000463107 /* HeaderCarrinhoTableViewCell.swift */ = {isa = PBXFileReference; lastKnownFileType = sourcecode.swift; path = HeaderCarrinhoTableViewCell.swift; sourceTree = "<group>"; };
		6C72CEB421E8E44000463107 /* HeaderCarrinhoTableViewCell.xib */ = {isa = PBXFileReference; lastKnownFileType = file.xib; path = HeaderCarrinhoTableViewCell.xib; sourceTree = "<group>"; };
		6C79EFE521F2540A0018DC13 /* PedidosAdegaTableViewCell.swift */ = {isa = PBXFileReference; lastKnownFileType = sourcecode.swift; path = PedidosAdegaTableViewCell.swift; sourceTree = "<group>"; };
		6C79EFE621F2540A0018DC13 /* PedidosAdegaTableViewCell.xib */ = {isa = PBXFileReference; lastKnownFileType = file.xib; path = PedidosAdegaTableViewCell.xib; sourceTree = "<group>"; };
		6C79EFEA21F263E00018DC13 /* FormaPagamentoAdegaTableViewCell.swift */ = {isa = PBXFileReference; lastKnownFileType = sourcecode.swift; path = FormaPagamentoAdegaTableViewCell.swift; sourceTree = "<group>"; };
		6C79EFEB21F263E00018DC13 /* FormaPagamentoAdegaTableViewCell.xib */ = {isa = PBXFileReference; lastKnownFileType = file.xib; path = FormaPagamentoAdegaTableViewCell.xib; sourceTree = "<group>"; };
		6C79EFF021F267AC0018DC13 /* StatusPedidosTableViewCell.swift */ = {isa = PBXFileReference; lastKnownFileType = sourcecode.swift; path = StatusPedidosTableViewCell.swift; sourceTree = "<group>"; };
		6C79EFF121F267AC0018DC13 /* StatusPedidosTableViewCell.xib */ = {isa = PBXFileReference; lastKnownFileType = file.xib; path = StatusPedidosTableViewCell.xib; sourceTree = "<group>"; };
		6C79EFF421F26AEE0018DC13 /* PedidosAcompanhamentoViewController.swift */ = {isa = PBXFileReference; lastKnownFileType = sourcecode.swift; path = PedidosAcompanhamentoViewController.swift; sourceTree = "<group>"; };
		6C79EFFD21F26DC30018DC13 /* TotalPedidosTableViewCell.swift */ = {isa = PBXFileReference; lastKnownFileType = sourcecode.swift; path = TotalPedidosTableViewCell.swift; sourceTree = "<group>"; };
		6C79EFFE21F26DC30018DC13 /* TotalPedidosTableViewCell.xib */ = {isa = PBXFileReference; lastKnownFileType = file.xib; path = TotalPedidosTableViewCell.xib; sourceTree = "<group>"; };
		6C79F00221F2727D0018DC13 /* HeaderBasicoTableViewCell.swift */ = {isa = PBXFileReference; lastKnownFileType = sourcecode.swift; path = HeaderBasicoTableViewCell.swift; sourceTree = "<group>"; };
		6C79F00321F2727D0018DC13 /* HeaderBasicoTableViewCell.xib */ = {isa = PBXFileReference; lastKnownFileType = file.xib; path = HeaderBasicoTableViewCell.xib; sourceTree = "<group>"; };
		6C7DFFD621E50CF700C24596 /* InicialViewController.swift */ = {isa = PBXFileReference; lastKnownFileType = sourcecode.swift; path = InicialViewController.swift; sourceTree = "<group>"; };
		6C7DFFD921E51A4A00C24596 /* CadastrarViewController.swift */ = {isa = PBXFileReference; lastKnownFileType = sourcecode.swift; path = CadastrarViewController.swift; sourceTree = "<group>"; };
		6C8B68A821DEC5F0001AEFE9 /* CardapioViewController.swift */ = {isa = PBXFileReference; lastKnownFileType = sourcecode.swift; path = CardapioViewController.swift; sourceTree = "<group>"; };
		6C8B68AA21DED322001AEFE9 /* MeuCardapioViewController.swift */ = {isa = PBXFileReference; lastKnownFileType = sourcecode.swift; path = MeuCardapioViewController.swift; sourceTree = "<group>"; };
		6C8B68AC21DED33A001AEFE9 /* PedidosViewController.swift */ = {isa = PBXFileReference; lastKnownFileType = sourcecode.swift; path = PedidosViewController.swift; sourceTree = "<group>"; };
		6C94E88221F0C51E00333A4A /* EstoqueAtualizaViewController.swift */ = {isa = PBXFileReference; lastKnownFileType = sourcecode.swift; path = EstoqueAtualizaViewController.swift; sourceTree = "<group>"; };
		6CB11B9321E909400096860D /* ProdutosSelecionaViewController.swift */ = {isa = PBXFileReference; lastKnownFileType = sourcecode.swift; path = ProdutosSelecionaViewController.swift; sourceTree = "<group>"; };
		6CB700BE21DD308B00CF0429 /* Adega.app */ = {isa = PBXFileReference; explicitFileType = wrapper.application; includeInIndex = 0; path = Adega.app; sourceTree = BUILT_PRODUCTS_DIR; };
		6CB700C121DD308B00CF0429 /* AppDelegate.swift */ = {isa = PBXFileReference; lastKnownFileType = sourcecode.swift; path = AppDelegate.swift; sourceTree = "<group>"; };
		6CB700C321DD308B00CF0429 /* ViewController.swift */ = {isa = PBXFileReference; lastKnownFileType = sourcecode.swift; path = ViewController.swift; sourceTree = "<group>"; };
		6CB700C621DD308B00CF0429 /* Base */ = {isa = PBXFileReference; lastKnownFileType = file.storyboard; name = Base; path = Base.lproj/Main.storyboard; sourceTree = "<group>"; };
		6CB700C921DD308B00CF0429 /* Adega.xcdatamodel */ = {isa = PBXFileReference; lastKnownFileType = wrapper.xcdatamodel; path = Adega.xcdatamodel; sourceTree = "<group>"; };
		6CB700CB21DD308D00CF0429 /* Assets.xcassets */ = {isa = PBXFileReference; lastKnownFileType = folder.assetcatalog; path = Assets.xcassets; sourceTree = "<group>"; };
		6CB700CE21DD308D00CF0429 /* Base */ = {isa = PBXFileReference; lastKnownFileType = file.storyboard; name = Base; path = Base.lproj/LaunchScreen.storyboard; sourceTree = "<group>"; };
		6CB700D021DD308D00CF0429 /* Info.plist */ = {isa = PBXFileReference; lastKnownFileType = text.plist.xml; path = Info.plist; sourceTree = "<group>"; };
		6CB700D521DD308D00CF0429 /* AdegaTests.xctest */ = {isa = PBXFileReference; explicitFileType = wrapper.cfbundle; includeInIndex = 0; path = AdegaTests.xctest; sourceTree = BUILT_PRODUCTS_DIR; };
		6CB700D921DD308D00CF0429 /* AdegaTests.swift */ = {isa = PBXFileReference; lastKnownFileType = sourcecode.swift; path = AdegaTests.swift; sourceTree = "<group>"; };
		6CB700DB21DD308D00CF0429 /* Info.plist */ = {isa = PBXFileReference; lastKnownFileType = text.plist.xml; path = Info.plist; sourceTree = "<group>"; };
		6CB700E021DD308D00CF0429 /* AdegaUITests.xctest */ = {isa = PBXFileReference; explicitFileType = wrapper.cfbundle; includeInIndex = 0; path = AdegaUITests.xctest; sourceTree = BUILT_PRODUCTS_DIR; };
		6CB700E421DD308D00CF0429 /* AdegaUITests.swift */ = {isa = PBXFileReference; lastKnownFileType = sourcecode.swift; path = AdegaUITests.swift; sourceTree = "<group>"; };
		6CB700E621DD308D00CF0429 /* Info.plist */ = {isa = PBXFileReference; lastKnownFileType = text.plist.xml; path = Info.plist; sourceTree = "<group>"; };
		6CB700FD21DD525300CF0429 /* CardapioTableViewCell.swift */ = {isa = PBXFileReference; lastKnownFileType = sourcecode.swift; path = CardapioTableViewCell.swift; sourceTree = "<group>"; };
		6CB700FE21DD525300CF0429 /* CardapioTableViewCell.xib */ = {isa = PBXFileReference; lastKnownFileType = file.xib; path = CardapioTableViewCell.xib; sourceTree = "<group>"; };
		6CB7010221DE6F3800CF0429 /* MeuCardapioTableViewCell.swift */ = {isa = PBXFileReference; lastKnownFileType = sourcecode.swift; path = MeuCardapioTableViewCell.swift; sourceTree = "<group>"; };
		6CB7010321DE6F3800CF0429 /* MeuCardapioTableViewCell.xib */ = {isa = PBXFileReference; lastKnownFileType = file.xib; path = MeuCardapioTableViewCell.xib; sourceTree = "<group>"; };
		6CDB5C3021E63F1D00D4CE1F /* CadastroProdutosViewController.swift */ = {isa = PBXFileReference; lastKnownFileType = sourcecode.swift; path = CadastroProdutosViewController.swift; sourceTree = "<group>"; };
		6CF36D6E2213168D0041AEE9 /* ValoresPedido.swift */ = {isa = PBXFileReference; lastKnownFileType = sourcecode.swift; path = ValoresPedido.swift; sourceTree = "<group>"; };
		6CF36D72221357240041AEE9 /* MenuClienteViewController.swift */ = {isa = PBXFileReference; lastKnownFileType = sourcecode.swift; path = MenuClienteViewController.swift; sourceTree = "<group>"; };
		6CF537CA21E652D5006DF1F0 /* Produto.swift */ = {isa = PBXFileReference; lastKnownFileType = sourcecode.swift; path = Produto.swift; sourceTree = "<group>"; };
		AAE9B5713A635330E21BC6E3 /* Pods-AdegaTests.debug.xcconfig */ = {isa = PBXFileReference; includeInIndex = 1; lastKnownFileType = text.xcconfig; name = "Pods-AdegaTests.debug.xcconfig"; path = "Pods/Target Support Files/Pods-AdegaTests/Pods-AdegaTests.debug.xcconfig"; sourceTree = "<group>"; };
		BB0D1EFDFFA5C9A65A8D4296 /* Pods_Adega.framework */ = {isa = PBXFileReference; explicitFileType = wrapper.framework; includeInIndex = 0; path = Pods_Adega.framework; sourceTree = BUILT_PRODUCTS_DIR; };
		D3538BCD36FF20DB060A5F62 /* Pods-AdegaTests.release.xcconfig */ = {isa = PBXFileReference; includeInIndex = 1; lastKnownFileType = text.xcconfig; name = "Pods-AdegaTests.release.xcconfig"; path = "Pods/Target Support Files/Pods-AdegaTests/Pods-AdegaTests.release.xcconfig"; sourceTree = "<group>"; };
		E61FC6D51A2EA54CD4410B8C /* Pods_AdegaTests.framework */ = {isa = PBXFileReference; explicitFileType = wrapper.framework; includeInIndex = 0; path = Pods_AdegaTests.framework; sourceTree = BUILT_PRODUCTS_DIR; };
/* End PBXFileReference section */

/* Begin PBXFrameworksBuildPhase section */
		6CB700BB21DD308B00CF0429 /* Frameworks */ = {
			isa = PBXFrameworksBuildPhase;
			buildActionMask = 2147483647;
			files = (
				0764CB475F1DD50E93B017DB /* Pods_Adega.framework in Frameworks */,
			);
			runOnlyForDeploymentPostprocessing = 0;
		};
		6CB700D221DD308D00CF0429 /* Frameworks */ = {
			isa = PBXFrameworksBuildPhase;
			buildActionMask = 2147483647;
			files = (
				5595E17D77A9F4DF7249DCD0 /* Pods_AdegaTests.framework in Frameworks */,
			);
			runOnlyForDeploymentPostprocessing = 0;
		};
		6CB700DD21DD308D00CF0429 /* Frameworks */ = {
			isa = PBXFrameworksBuildPhase;
			buildActionMask = 2147483647;
			files = (
				AF554BC328853973E9A9AC70 /* Pods_AdegaUITests.framework in Frameworks */,
			);
			runOnlyForDeploymentPostprocessing = 0;
		};
/* End PBXFrameworksBuildPhase section */

/* Begin PBXGroup section */
		6C039C7F21E7B0D1004696F7 /* HeaderAdega */ = {
			isa = PBXGroup;
			children = (
				6C72CEB321E8E44000463107 /* HeaderCarrinhoTableViewCell.swift */,
				6C72CEB421E8E44000463107 /* HeaderCarrinhoTableViewCell.xib */,
			);
			path = HeaderAdega;
			sourceTree = "<group>";
		};
		6C039C8921E7B32C004696F7 /* AdicionarMais */ = {
			isa = PBXGroup;
			children = (
				6C039C8A21E7B33E004696F7 /* AdicionarMaisTableViewCell.swift */,
				6C039C8B21E7B33E004696F7 /* AdicionarMaisTableViewCell.xib */,
			);
			path = AdicionarMais;
			sourceTree = "<group>";
		};
		6C039C8E21E7CABC004696F7 /* Pagemento */ = {
			isa = PBXGroup;
			children = (
				6C039C9421E7CB03004696F7 /* PagamentoHeader */,
				6C039C9321E7CAF4004696F7 /* PagamentoCells */,
			);
			path = Pagemento;
			sourceTree = "<group>";
		};
		6C039C9321E7CAF4004696F7 /* PagamentoCells */ = {
			isa = PBXGroup;
			children = (
				6C039C8F21E7CACF004696F7 /* PagamentoTableViewCell.swift */,
				6C039C9021E7CACF004696F7 /* PagamentoTableViewCell.xib */,
			);
			path = PagamentoCells;
			sourceTree = "<group>";
		};
		6C039C9421E7CB03004696F7 /* PagamentoHeader */ = {
			isa = PBXGroup;
			children = (
				6C039C9521E7CB15004696F7 /* HeaderTableViewCell.swift */,
				6C039C9621E7CB15004696F7 /* HeaderTableViewCell.xib */,
			);
			path = PagamentoHeader;
			sourceTree = "<group>";
		};
		6C193B1E221DB6B2000AB850 /* Dono */ = {
			isa = PBXGroup;
			children = (
				6C193B20221DB725000AB850 /* MeusDadosDono */,
				6C44A16C21E3B2E3008ED84A /* Pedidos Detalhe */,
				6C8B68A621DE8972001AEFE9 /* Meu Cardapio */,
				6C8B68A521DE8969001AEFE9 /* Pedidos */,
				6CDB5C2F21E63F0900D4CE1F /* CadastrarProdutos */,
				6C94E88121F0C49500333A4A /* EstoqueControle */,
				6CF36D712213570F0041AEE9 /* MenuDono */,
			);
			path = Dono;
			sourceTree = "<group>";
		};
		6C193B1F221DB6BD000AB850 /* Cliente */ = {
			isa = PBXGroup;
			children = (
				6C8B68A721DE897F001AEFE9 /* Cardapio */,
				6C44A17721E3C85E008ED84A /* Carrinho */,
				6C7DFFD821E51A3E00C24596 /* CadastrarUsuario */,
				6CB11B9221E9091F0096860D /* ProdutoSeleciona */,
				6C62B22021FF29410050122E /* MeusDadosCliente */,
				6CF36D70221357080041AEE9 /* MenuCliente */,
				6C4833B1221D0C45009EE31F /* Termos de Uso */,
			);
			path = Cliente;
			sourceTree = "<group>";
		};
		6C193B20221DB725000AB850 /* MeusDadosDono */ = {
			isa = PBXGroup;
			children = (
				6C193B21221DB746000AB850 /* MeusDadosDonoViewController.swift */,
			);
			path = MeusDadosDono;
			sourceTree = "<group>";
		};
		6C44A16C21E3B2E3008ED84A /* Pedidos Detalhe */ = {
			isa = PBXGroup;
			children = (
				6C44A16D21E3B388008ED84A /* Pedidos Detalhe Cell */,
				6C44A17521E3B9F2008ED84A /* PedidoDetalheViewController.swift */,
			);
			path = "Pedidos Detalhe";
			sourceTree = "<group>";
		};
		6C44A16D21E3B388008ED84A /* Pedidos Detalhe Cell */ = {
			isa = PBXGroup;
			children = (
				6C44A17121E3B4D0008ED84A /* PedidoDetalheTableViewCell.swift */,
				6C44A17221E3B4D0008ED84A /* PedidoDetalheTableViewCell.xib */,
			);
			path = "Pedidos Detalhe Cell";
			sourceTree = "<group>";
		};
		6C44A17721E3C85E008ED84A /* Carrinho */ = {
			isa = PBXGroup;
			children = (
				6C62B22321FF307E0050122E /* pagamento new */,
				6C039C8E21E7CABC004696F7 /* Pagemento */,
				6C039C8921E7B32C004696F7 /* AdicionarMais */,
				6C039C7F21E7B0D1004696F7 /* HeaderAdega */,
				6C44A17B21E3C880008ED84A /* ItensDoCarrinhoCell */,
				6C44A17821E3C86C008ED84A /* CarrinhoViewController.swift */,
			);
			path = Carrinho;
			sourceTree = "<group>";
		};
		6C44A17B21E3C880008ED84A /* ItensDoCarrinhoCell */ = {
			isa = PBXGroup;
			children = (
				6C039C7B21E7A64F004696F7 /* ItensCarrinhoTableViewCell.swift */,
				6C039C7C21E7A64F004696F7 /* ItensCarrinhoTableViewCell.xib */,
			);
			path = ItensDoCarrinhoCell;
			sourceTree = "<group>";
		};
		6C44A17C21E3C8AA008ED84A /* Inicial */ = {
			isa = PBXGroup;
			children = (
				6C7DFFD621E50CF700C24596 /* InicialViewController.swift */,
			);
			path = Inicial;
			sourceTree = "<group>";
		};
		6C4833B1221D0C45009EE31F /* Termos de Uso */ = {
			isa = PBXGroup;
			children = (
				6C4833B2221D0C57009EE31F /* TermosDeUsoViewController.swift */,
			);
			path = "Termos de Uso";
			sourceTree = "<group>";
		};
		6C62B22021FF29410050122E /* MeusDadosCliente */ = {
			isa = PBXGroup;
			children = (
				6C62B22121FF295C0050122E /* MeusDadosViewController.swift */,
			);
			path = MeusDadosCliente;
			sourceTree = "<group>";
		};
		6C62B22321FF307E0050122E /* pagamento new */ = {
			isa = PBXGroup;
			children = (
				6C62B22421FF30980050122E /* TotaisPagamentoTableViewCell.swift */,
				6C62B22521FF30980050122E /* TotaisPagamentoTableViewCell.xib */,
			);
			path = "pagamento new";
			sourceTree = "<group>";
		};
		6C79EFE421F253DE0018DC13 /* Pedidos Adega */ = {
			isa = PBXGroup;
			children = (
				6C79EFE521F2540A0018DC13 /* PedidosAdegaTableViewCell.swift */,
				6C79EFE621F2540A0018DC13 /* PedidosAdegaTableViewCell.xib */,
			);
			path = "Pedidos Adega";
			sourceTree = "<group>";
		};
		6C79EFE921F25EA60018DC13 /* PedidosSegundaTela */ = {
			isa = PBXGroup;
			children = (
				6C79F00121F2724C0018DC13 /* HeaderBasico */,
				6C79EFF621F26D5C0018DC13 /* TotalPedido */,
				6C79EFEF21F2677C0018DC13 /* Status Pedido */,
				6C79EFEE21F263E90018DC13 /* FormaPagementoAdega */,
				6C79EFF421F26AEE0018DC13 /* PedidosAcompanhamentoViewController.swift */,
			);
			path = PedidosSegundaTela;
			sourceTree = "<group>";
		};
		6C79EFEE21F263E90018DC13 /* FormaPagementoAdega */ = {
			isa = PBXGroup;
			children = (
				6C79EFEB21F263E00018DC13 /* FormaPagamentoAdegaTableViewCell.xib */,
				6C79EFEA21F263E00018DC13 /* FormaPagamentoAdegaTableViewCell.swift */,
			);
			path = FormaPagementoAdega;
			sourceTree = "<group>";
		};
		6C79EFEF21F2677C0018DC13 /* Status Pedido */ = {
			isa = PBXGroup;
			children = (
				6C79EFF021F267AC0018DC13 /* StatusPedidosTableViewCell.swift */,
				6C79EFF121F267AC0018DC13 /* StatusPedidosTableViewCell.xib */,
			);
			path = "Status Pedido";
			sourceTree = "<group>";
		};
		6C79EFF621F26D5C0018DC13 /* TotalPedido */ = {
			isa = PBXGroup;
			children = (
				6C79EFFD21F26DC30018DC13 /* TotalPedidosTableViewCell.swift */,
				6C79EFFE21F26DC30018DC13 /* TotalPedidosTableViewCell.xib */,
			);
			path = TotalPedido;
			sourceTree = "<group>";
		};
		6C79F00121F2724C0018DC13 /* HeaderBasico */ = {
			isa = PBXGroup;
			children = (
				6C79F00221F2727D0018DC13 /* HeaderBasicoTableViewCell.swift */,
				6C79F00321F2727D0018DC13 /* HeaderBasicoTableViewCell.xib */,
			);
			path = HeaderBasico;
			sourceTree = "<group>";
		};
		6C7DFFD821E51A3E00C24596 /* CadastrarUsuario */ = {
			isa = PBXGroup;
			children = (
				6C59A0C921ECDB2C00D1FB00 /* CadastroInfoViewController.swift */,
				6C7DFFD921E51A4A00C24596 /* CadastrarViewController.swift */,
			);
			path = CadastrarUsuario;
			sourceTree = "<group>";
		};
		6C8B68A521DE8969001AEFE9 /* Pedidos */ = {
			isa = PBXGroup;
			children = (
				6C79EFE921F25EA60018DC13 /* PedidosSegundaTela */,
				6C79EFE421F253DE0018DC13 /* Pedidos Adega */,
				6C8B68AC21DED33A001AEFE9 /* PedidosViewController.swift */,
			);
			path = Pedidos;
			sourceTree = "<group>";
		};
		6C8B68A621DE8972001AEFE9 /* Meu Cardapio */ = {
			isa = PBXGroup;
			children = (
				6CB700F321DD4D1C00CF0429 /* Meu Cardapio Cell */,
				6C8B68AA21DED322001AEFE9 /* MeuCardapioViewController.swift */,
			);
			path = "Meu Cardapio";
			sourceTree = "<group>";
		};
		6C8B68A721DE897F001AEFE9 /* Cardapio */ = {
			isa = PBXGroup;
			children = (
				6CB700F221DD4D1700CF0429 /* Cardapio Cell */,
				6C8B68A821DEC5F0001AEFE9 /* CardapioViewController.swift */,
			);
			path = Cardapio;
			sourceTree = "<group>";
		};
		6C94E88121F0C49500333A4A /* EstoqueControle */ = {
			isa = PBXGroup;
			children = (
				6C94E88221F0C51E00333A4A /* EstoqueAtualizaViewController.swift */,
			);
			path = EstoqueControle;
			sourceTree = "<group>";
		};
		6CB11B9221E9091F0096860D /* ProdutoSeleciona */ = {
			isa = PBXGroup;
			children = (
				6CB11B9321E909400096860D /* ProdutosSelecionaViewController.swift */,
			);
			path = ProdutoSeleciona;
			sourceTree = "<group>";
		};
		6CB700B521DD308B00CF0429 = {
			isa = PBXGroup;
			children = (
				6CB700C021DD308B00CF0429 /* Adega */,
				6CB700D821DD308D00CF0429 /* AdegaTests */,
				6CB700E321DD308D00CF0429 /* AdegaUITests */,
				6CB700BF21DD308B00CF0429 /* Products */,
				7E9947798BB8C711BF80AB28 /* Pods */,
				F71588596127599495E07C65 /* Frameworks */,
			);
			sourceTree = "<group>";
		};
		6CB700BF21DD308B00CF0429 /* Products */ = {
			isa = PBXGroup;
			children = (
				6CB700BE21DD308B00CF0429 /* Adega.app */,
				6CB700D521DD308D00CF0429 /* AdegaTests.xctest */,
				6CB700E021DD308D00CF0429 /* AdegaUITests.xctest */,
			);
			name = Products;
			sourceTree = "<group>";
		};
		6CB700C021DD308B00CF0429 /* Adega */ = {
			isa = PBXGroup;
			children = (
				6C193B1F221DB6BD000AB850 /* Cliente */,
				6C193B1E221DB6B2000AB850 /* Dono */,
				6CF537C921E652AF006DF1F0 /* Models */,
				6C44A17C21E3C8AA008ED84A /* Inicial */,
				6CB700C121DD308B00CF0429 /* AppDelegate.swift */,
				6C193B23221DD09E000AB850 /* MBSobreOAppViewController - cópia.swift */,
				6C193B25221DD112000AB850 /* MBContactViewcontroller - cópia.swift */,
				6CB700C321DD308B00CF0429 /* ViewController.swift */,
				6CB700C521DD308B00CF0429 /* Main.storyboard */,
				6CB700CB21DD308D00CF0429 /* Assets.xcassets */,
				6CB700CD21DD308D00CF0429 /* LaunchScreen.storyboard */,
				6CB700D021DD308D00CF0429 /* Info.plist */,
				6CB700C821DD308B00CF0429 /* Adega.xcdatamodeld */,
				6C109677221C42EA00F5B554 /* GoogleService-Info.plist */,
			);
			path = Adega;
			sourceTree = "<group>";
		};
		6CB700D821DD308D00CF0429 /* AdegaTests */ = {
			isa = PBXGroup;
			children = (
				6CB700D921DD308D00CF0429 /* AdegaTests.swift */,
				6CB700DB21DD308D00CF0429 /* Info.plist */,
			);
			path = AdegaTests;
			sourceTree = "<group>";
		};
		6CB700E321DD308D00CF0429 /* AdegaUITests */ = {
			isa = PBXGroup;
			children = (
				6CB700E421DD308D00CF0429 /* AdegaUITests.swift */,
				6CB700E621DD308D00CF0429 /* Info.plist */,
			);
			path = AdegaUITests;
			sourceTree = "<group>";
		};
		6CB700F221DD4D1700CF0429 /* Cardapio Cell */ = {
			isa = PBXGroup;
			children = (
				6CB700FD21DD525300CF0429 /* CardapioTableViewCell.swift */,
				6CB700FE21DD525300CF0429 /* CardapioTableViewCell.xib */,
			);
			path = "Cardapio Cell";
			sourceTree = "<group>";
		};
		6CB700F321DD4D1C00CF0429 /* Meu Cardapio Cell */ = {
			isa = PBXGroup;
			children = (
				6CB7010221DE6F3800CF0429 /* MeuCardapioTableViewCell.swift */,
				6CB7010321DE6F3800CF0429 /* MeuCardapioTableViewCell.xib */,
			);
			path = "Meu Cardapio Cell";
			sourceTree = "<group>";
		};
		6CDB5C2F21E63F0900D4CE1F /* CadastrarProdutos */ = {
			isa = PBXGroup;
			children = (
				6CDB5C3021E63F1D00D4CE1F /* CadastroProdutosViewController.swift */,
			);
			path = CadastrarProdutos;
			sourceTree = "<group>";
		};
		6CF36D70221357080041AEE9 /* MenuCliente */ = {
			isa = PBXGroup;
			children = (
				6CF36D72221357240041AEE9 /* MenuClienteViewController.swift */,
			);
			path = MenuCliente;
			sourceTree = "<group>";
		};
		6CF36D712213570F0041AEE9 /* MenuDono */ = {
			isa = PBXGroup;
			children = (
				6C3D4D83221509FA00A61C42 /* MenuDonoViewController.swift */,
			);
			path = MenuDono;
			sourceTree = "<group>";
		};
		6CF537C921E652AF006DF1F0 /* Models */ = {
			isa = PBXGroup;
			children = (
				6CF537CA21E652D5006DF1F0 /* Produto.swift */,
				6C59A0C721ECC8A700D1FB00 /* Usuario.swift */,
				6C498FFF21EE6A49009919C2 /* Pedido.swift */,
				6C5876A921EF8701006635A7 /* ItensCarrinho.swift */,
				6CF36D6E2213168D0041AEE9 /* ValoresPedido.swift */,
			);
			path = Models;
			sourceTree = "<group>";
		};
		7E9947798BB8C711BF80AB28 /* Pods */ = {
			isa = PBXGroup;
			children = (
				165E953F8675B095DD22D1BE /* Pods-Adega.debug.xcconfig */,
				1315E14C40A38BF5D7C079E9 /* Pods-Adega.release.xcconfig */,
				AAE9B5713A635330E21BC6E3 /* Pods-AdegaTests.debug.xcconfig */,
				D3538BCD36FF20DB060A5F62 /* Pods-AdegaTests.release.xcconfig */,
				57CE1FB1D30444B75A970EC8 /* Pods-AdegaUITests.debug.xcconfig */,
				2491D340FB735386C42072CA /* Pods-AdegaUITests.release.xcconfig */,
			);
			name = Pods;
			sourceTree = "<group>";
		};
		F71588596127599495E07C65 /* Frameworks */ = {
			isa = PBXGroup;
			children = (
				BB0D1EFDFFA5C9A65A8D4296 /* Pods_Adega.framework */,
				E61FC6D51A2EA54CD4410B8C /* Pods_AdegaTests.framework */,
				27C665BB197CBF7CEBD40AE4 /* Pods_AdegaUITests.framework */,
			);
			name = Frameworks;
			sourceTree = "<group>";
		};
/* End PBXGroup section */

/* Begin PBXNativeTarget section */
		6CB700BD21DD308B00CF0429 /* Adega */ = {
			isa = PBXNativeTarget;
			buildConfigurationList = 6CB700E921DD308D00CF0429 /* Build configuration list for PBXNativeTarget "Adega" */;
			buildPhases = (
				AD064296485A39E9DD116D10 /* [CP] Check Pods Manifest.lock */,
				6CB700BA21DD308B00CF0429 /* Sources */,
				6CB700BB21DD308B00CF0429 /* Frameworks */,
				6CB700BC21DD308B00CF0429 /* Resources */,
				C482DAFD32E06137E088D50E /* [CP] Embed Pods Frameworks */,
				7B94A746F00C56FCE9B8B652 /* [CP] Copy Pods Resources */,
			);
			buildRules = (
			);
			dependencies = (
			);
			name = Adega;
			productName = Adega;
			productReference = 6CB700BE21DD308B00CF0429 /* Adega.app */;
			productType = "com.apple.product-type.application";
		};
		6CB700D421DD308D00CF0429 /* AdegaTests */ = {
			isa = PBXNativeTarget;
			buildConfigurationList = 6CB700EC21DD308D00CF0429 /* Build configuration list for PBXNativeTarget "AdegaTests" */;
			buildPhases = (
				E65E69565FA6FC746D2A367B /* [CP] Check Pods Manifest.lock */,
				6CB700D121DD308D00CF0429 /* Sources */,
				6CB700D221DD308D00CF0429 /* Frameworks */,
				6CB700D321DD308D00CF0429 /* Resources */,
			);
			buildRules = (
			);
			dependencies = (
				6CB700D721DD308D00CF0429 /* PBXTargetDependency */,
			);
			name = AdegaTests;
			productName = AdegaTests;
			productReference = 6CB700D521DD308D00CF0429 /* AdegaTests.xctest */;
			productType = "com.apple.product-type.bundle.unit-test";
		};
		6CB700DF21DD308D00CF0429 /* AdegaUITests */ = {
			isa = PBXNativeTarget;
			buildConfigurationList = 6CB700EF21DD308D00CF0429 /* Build configuration list for PBXNativeTarget "AdegaUITests" */;
			buildPhases = (
				8396499DD89865EEA4699E9E /* [CP] Check Pods Manifest.lock */,
				6CB700DC21DD308D00CF0429 /* Sources */,
				6CB700DD21DD308D00CF0429 /* Frameworks */,
				6CB700DE21DD308D00CF0429 /* Resources */,
			);
			buildRules = (
			);
			dependencies = (
				6CB700E221DD308D00CF0429 /* PBXTargetDependency */,
			);
			name = AdegaUITests;
			productName = AdegaUITests;
			productReference = 6CB700E021DD308D00CF0429 /* AdegaUITests.xctest */;
			productType = "com.apple.product-type.bundle.ui-testing";
		};
/* End PBXNativeTarget section */

/* Begin PBXProject section */
		6CB700B621DD308B00CF0429 /* Project object */ = {
			isa = PBXProject;
			attributes = {
				LastSwiftUpdateCheck = 1010;
				LastUpgradeCheck = 1010;
				ORGANIZATIONNAME = "Joao Paulo";
				TargetAttributes = {
					6CB700BD21DD308B00CF0429 = {
						CreatedOnToolsVersion = 10.1;
					};
					6CB700D421DD308D00CF0429 = {
						CreatedOnToolsVersion = 10.1;
						TestTargetID = 6CB700BD21DD308B00CF0429;
					};
					6CB700DF21DD308D00CF0429 = {
						CreatedOnToolsVersion = 10.1;
						TestTargetID = 6CB700BD21DD308B00CF0429;
					};
				};
			};
			buildConfigurationList = 6CB700B921DD308B00CF0429 /* Build configuration list for PBXProject "Adega" */;
			compatibilityVersion = "Xcode 9.3";
			developmentRegion = en;
			hasScannedForEncodings = 0;
			knownRegions = (
				en,
				Base,
			);
			mainGroup = 6CB700B521DD308B00CF0429;
			productRefGroup = 6CB700BF21DD308B00CF0429 /* Products */;
			projectDirPath = "";
			projectRoot = "";
			targets = (
				6CB700BD21DD308B00CF0429 /* Adega */,
				6CB700D421DD308D00CF0429 /* AdegaTests */,
				6CB700DF21DD308D00CF0429 /* AdegaUITests */,
			);
		};
/* End PBXProject section */

/* Begin PBXResourcesBuildPhase section */
		6CB700BC21DD308B00CF0429 /* Resources */ = {
			isa = PBXResourcesBuildPhase;
			buildActionMask = 2147483647;
			files = (
				6C79F00521F2727D0018DC13 /* HeaderBasicoTableViewCell.xib in Resources */,
				6C039C9221E7CACF004696F7 /* PagamentoTableViewCell.xib in Resources */,
				6C79EFE821F2540A0018DC13 /* PedidosAdegaTableViewCell.xib in Resources */,
				6C039C8D21E7B33E004696F7 /* AdicionarMaisTableViewCell.xib in Resources */,
				6C44A17421E3B4D0008ED84A /* PedidoDetalheTableViewCell.xib in Resources */,
				6CB7010521DE6F3800CF0429 /* MeuCardapioTableViewCell.xib in Resources */,
				6C79EFF321F267AC0018DC13 /* StatusPedidosTableViewCell.xib in Resources */,
				6C62B22721FF30990050122E /* TotaisPagamentoTableViewCell.xib in Resources */,
				6CB7010021DD525300CF0429 /* CardapioTableViewCell.xib in Resources */,
				6C79F00021F26DC30018DC13 /* TotalPedidosTableViewCell.xib in Resources */,
				6C72CEB621E8E44000463107 /* HeaderCarrinhoTableViewCell.xib in Resources */,
				6C039C9821E7CB15004696F7 /* HeaderTableViewCell.xib in Resources */,
				6CB700CF21DD308D00CF0429 /* LaunchScreen.storyboard in Resources */,
				6C79EFED21F263E00018DC13 /* FormaPagamentoAdegaTableViewCell.xib in Resources */,
				6CB700CC21DD308D00CF0429 /* Assets.xcassets in Resources */,
				6CB700C721DD308B00CF0429 /* Main.storyboard in Resources */,
				6C109678221C42EA00F5B554 /* GoogleService-Info.plist in Resources */,
				6C039C7E21E7A64F004696F7 /* ItensCarrinhoTableViewCell.xib in Resources */,
			);
			runOnlyForDeploymentPostprocessing = 0;
		};
		6CB700D321DD308D00CF0429 /* Resources */ = {
			isa = PBXResourcesBuildPhase;
			buildActionMask = 2147483647;
			files = (
			);
			runOnlyForDeploymentPostprocessing = 0;
		};
		6CB700DE21DD308D00CF0429 /* Resources */ = {
			isa = PBXResourcesBuildPhase;
			buildActionMask = 2147483647;
			files = (
			);
			runOnlyForDeploymentPostprocessing = 0;
		};
/* End PBXResourcesBuildPhase section */

/* Begin PBXShellScriptBuildPhase section */
		7B94A746F00C56FCE9B8B652 /* [CP] Copy Pods Resources */ = {
			isa = PBXShellScriptBuildPhase;
			buildActionMask = 2147483647;
			files = (
			);
			inputFileListPaths = (
			);
			inputPaths = (
				"${SRCROOT}/Pods/Target Support Files/Pods-Adega/Pods-Adega-resources.sh",
				"${PODS_ROOT}/GoogleSignIn/Resources/GoogleSignIn.bundle",
			);
			name = "[CP] Copy Pods Resources";
			outputFileListPaths = (
			);
			outputPaths = (
				"${TARGET_BUILD_DIR}/${UNLOCALIZED_RESOURCES_FOLDER_PATH}/GoogleSignIn.bundle",
			);
			runOnlyForDeploymentPostprocessing = 0;
			shellPath = /bin/sh;
			shellScript = "\"${SRCROOT}/Pods/Target Support Files/Pods-Adega/Pods-Adega-resources.sh\"\n";
			showEnvVarsInLog = 0;
		};
		8396499DD89865EEA4699E9E /* [CP] Check Pods Manifest.lock */ = {
			isa = PBXShellScriptBuildPhase;
			buildActionMask = 2147483647;
			files = (
			);
			inputFileListPaths = (
			);
			inputPaths = (
				"${PODS_PODFILE_DIR_PATH}/Podfile.lock",
				"${PODS_ROOT}/Manifest.lock",
			);
			name = "[CP] Check Pods Manifest.lock";
			outputFileListPaths = (
			);
			outputPaths = (
				"$(DERIVED_FILE_DIR)/Pods-AdegaUITests-checkManifestLockResult.txt",
			);
			runOnlyForDeploymentPostprocessing = 0;
			shellPath = /bin/sh;
			shellScript = "diff \"${PODS_PODFILE_DIR_PATH}/Podfile.lock\" \"${PODS_ROOT}/Manifest.lock\" > /dev/null\nif [ $? != 0 ] ; then\n    # print error to STDERR\n    echo \"error: The sandbox is not in sync with the Podfile.lock. Run 'pod install' or update your CocoaPods installation.\" >&2\n    exit 1\nfi\n# This output is used by Xcode 'outputs' to avoid re-running this script phase.\necho \"SUCCESS\" > \"${SCRIPT_OUTPUT_FILE_0}\"\n";
			showEnvVarsInLog = 0;
		};
		AD064296485A39E9DD116D10 /* [CP] Check Pods Manifest.lock */ = {
			isa = PBXShellScriptBuildPhase;
			buildActionMask = 2147483647;
			files = (
			);
			inputFileListPaths = (
			);
			inputPaths = (
				"${PODS_PODFILE_DIR_PATH}/Podfile.lock",
				"${PODS_ROOT}/Manifest.lock",
			);
			name = "[CP] Check Pods Manifest.lock";
			outputFileListPaths = (
			);
			outputPaths = (
				"$(DERIVED_FILE_DIR)/Pods-Adega-checkManifestLockResult.txt",
			);
			runOnlyForDeploymentPostprocessing = 0;
			shellPath = /bin/sh;
			shellScript = "diff \"${PODS_PODFILE_DIR_PATH}/Podfile.lock\" \"${PODS_ROOT}/Manifest.lock\" > /dev/null\nif [ $? != 0 ] ; then\n    # print error to STDERR\n    echo \"error: The sandbox is not in sync with the Podfile.lock. Run 'pod install' or update your CocoaPods installation.\" >&2\n    exit 1\nfi\n# This output is used by Xcode 'outputs' to avoid re-running this script phase.\necho \"SUCCESS\" > \"${SCRIPT_OUTPUT_FILE_0}\"\n";
			showEnvVarsInLog = 0;
		};
		C482DAFD32E06137E088D50E /* [CP] Embed Pods Frameworks */ = {
			isa = PBXShellScriptBuildPhase;
			buildActionMask = 2147483647;
			files = (
			);
			inputFileListPaths = (
			);
			inputPaths = (
				"${SRCROOT}/Pods/Target Support Files/Pods-Adega/Pods-Adega-frameworks.sh",
				"${BUILT_PRODUCTS_DIR}/Alamofire/Alamofire.framework",
				"${BUILT_PRODUCTS_DIR}/GTMSessionFetcher/GTMSessionFetcher.framework",
				"${BUILT_PRODUCTS_DIR}/GoogleToolboxForMac/GoogleToolboxForMac.framework",
				"${BUILT_PRODUCTS_DIR}/GoogleUtilities/GoogleUtilities.framework",
				"${BUILT_PRODUCTS_DIR}/Moya/Moya.framework",
				"${BUILT_PRODUCTS_DIR}/Protobuf/Protobuf.framework",
				"${BUILT_PRODUCTS_DIR}/Result/Result.framework",
				"${BUILT_PRODUCTS_DIR}/SideMenu/SideMenu.framework",
				"${BUILT_PRODUCTS_DIR}/leveldb-library/leveldb.framework",
				"${BUILT_PRODUCTS_DIR}/nanopb/nanopb.framework",
			);
			name = "[CP] Embed Pods Frameworks";
			outputFileListPaths = (
			);
			outputPaths = (
				"${TARGET_BUILD_DIR}/${FRAMEWORKS_FOLDER_PATH}/Alamofire.framework",
				"${TARGET_BUILD_DIR}/${FRAMEWORKS_FOLDER_PATH}/GTMSessionFetcher.framework",
				"${TARGET_BUILD_DIR}/${FRAMEWORKS_FOLDER_PATH}/GoogleToolboxForMac.framework",
				"${TARGET_BUILD_DIR}/${FRAMEWORKS_FOLDER_PATH}/GoogleUtilities.framework",
				"${TARGET_BUILD_DIR}/${FRAMEWORKS_FOLDER_PATH}/Moya.framework",
				"${TARGET_BUILD_DIR}/${FRAMEWORKS_FOLDER_PATH}/Protobuf.framework",
				"${TARGET_BUILD_DIR}/${FRAMEWORKS_FOLDER_PATH}/Result.framework",
				"${TARGET_BUILD_DIR}/${FRAMEWORKS_FOLDER_PATH}/SideMenu.framework",
				"${TARGET_BUILD_DIR}/${FRAMEWORKS_FOLDER_PATH}/leveldb.framework",
				"${TARGET_BUILD_DIR}/${FRAMEWORKS_FOLDER_PATH}/nanopb.framework",
			);
			runOnlyForDeploymentPostprocessing = 0;
			shellPath = /bin/sh;
			shellScript = "\"${SRCROOT}/Pods/Target Support Files/Pods-Adega/Pods-Adega-frameworks.sh\"\n";
			showEnvVarsInLog = 0;
		};
		E65E69565FA6FC746D2A367B /* [CP] Check Pods Manifest.lock */ = {
			isa = PBXShellScriptBuildPhase;
			buildActionMask = 2147483647;
			files = (
			);
			inputFileListPaths = (
			);
			inputPaths = (
				"${PODS_PODFILE_DIR_PATH}/Podfile.lock",
				"${PODS_ROOT}/Manifest.lock",
			);
			name = "[CP] Check Pods Manifest.lock";
			outputFileListPaths = (
			);
			outputPaths = (
				"$(DERIVED_FILE_DIR)/Pods-AdegaTests-checkManifestLockResult.txt",
			);
			runOnlyForDeploymentPostprocessing = 0;
			shellPath = /bin/sh;
			shellScript = "diff \"${PODS_PODFILE_DIR_PATH}/Podfile.lock\" \"${PODS_ROOT}/Manifest.lock\" > /dev/null\nif [ $? != 0 ] ; then\n    # print error to STDERR\n    echo \"error: The sandbox is not in sync with the Podfile.lock. Run 'pod install' or update your CocoaPods installation.\" >&2\n    exit 1\nfi\n# This output is used by Xcode 'outputs' to avoid re-running this script phase.\necho \"SUCCESS\" > \"${SCRIPT_OUTPUT_FILE_0}\"\n";
			showEnvVarsInLog = 0;
		};
/* End PBXShellScriptBuildPhase section */

/* Begin PBXSourcesBuildPhase section */
		6CB700BA21DD308B00CF0429 /* Sources */ = {
			isa = PBXSourcesBuildPhase;
			buildActionMask = 2147483647;
			files = (
				6C79EFFF21F26DC30018DC13 /* TotalPedidosTableViewCell.swift in Sources */,
				6CB700FF21DD525300CF0429 /* CardapioTableViewCell.swift in Sources */,
				6C8B68A921DEC5F0001AEFE9 /* CardapioViewController.swift in Sources */,
				6C79F00421F2727D0018DC13 /* HeaderBasicoTableViewCell.swift in Sources */,
				6C94E88321F0C51E00333A4A /* EstoqueAtualizaViewController.swift in Sources */,
				6C7DFFDA21E51A4A00C24596 /* CadastrarViewController.swift in Sources */,
				6C79EFF221F267AC0018DC13 /* StatusPedidosTableViewCell.swift in Sources */,
				6C3D4D84221509FA00A61C42 /* MenuDonoViewController.swift in Sources */,
				6C62B22221FF295C0050122E /* MeusDadosViewController.swift in Sources */,
				6C039C9121E7CACF004696F7 /* PagamentoTableViewCell.swift in Sources */,
				6CB11B9421E909400096860D /* ProdutosSelecionaViewController.swift in Sources */,
				6C79EFE721F2540A0018DC13 /* PedidosAdegaTableViewCell.swift in Sources */,
				6C62B22621FF30980050122E /* TotaisPagamentoTableViewCell.swift in Sources */,
				6C8B68AB21DED322001AEFE9 /* MeuCardapioViewController.swift in Sources */,
				6C193B24221DD09F000AB850 /* MBSobreOAppViewController - cópia.swift in Sources */,
				6C59A0C821ECC8A700D1FB00 /* Usuario.swift in Sources */,
				6C44A17921E3C86C008ED84A /* CarrinhoViewController.swift in Sources */,
				6C49900021EE6A49009919C2 /* Pedido.swift in Sources */,
				6C44A17321E3B4D0008ED84A /* PedidoDetalheTableViewCell.swift in Sources */,
				6C7DFFD721E50CF700C24596 /* InicialViewController.swift in Sources */,
				6C4833B3221D0C57009EE31F /* TermosDeUsoViewController.swift in Sources */,
				6CF36D73221357240041AEE9 /* MenuClienteViewController.swift in Sources */,
				6C79EFEC21F263E00018DC13 /* FormaPagamentoAdegaTableViewCell.swift in Sources */,
				6C59A0CA21ECDB2C00D1FB00 /* CadastroInfoViewController.swift in Sources */,
				6C72CEB521E8E44000463107 /* HeaderCarrinhoTableViewCell.swift in Sources */,
				6C193B26221DD112000AB850 /* MBContactViewcontroller - cópia.swift in Sources */,
				6CB700C421DD308B00CF0429 /* ViewController.swift in Sources */,
				6CF537CB21E652D5006DF1F0 /* Produto.swift in Sources */,
				6C039C8C21E7B33E004696F7 /* AdicionarMaisTableViewCell.swift in Sources */,
				6C79EFF521F26AEE0018DC13 /* PedidosAcompanhamentoViewController.swift in Sources */,
				6C5876AA21EF8701006635A7 /* ItensCarrinho.swift in Sources */,
				6CF36D6F2213168D0041AEE9 /* ValoresPedido.swift in Sources */,
				6C44A17621E3B9F2008ED84A /* PedidoDetalheViewController.swift in Sources */,
				6CDB5C3121E63F1D00D4CE1F /* CadastroProdutosViewController.swift in Sources */,
				6C039C9721E7CB15004696F7 /* HeaderTableViewCell.swift in Sources */,
				6C8B68AD21DED33A001AEFE9 /* PedidosViewController.swift in Sources */,
				6CB700C221DD308B00CF0429 /* AppDelegate.swift in Sources */,
				6CB700CA21DD308B00CF0429 /* Adega.xcdatamodeld in Sources */,
				6C193B22221DB746000AB850 /* MeusDadosDonoViewController.swift in Sources */,
				6C039C7D21E7A64F004696F7 /* ItensCarrinhoTableViewCell.swift in Sources */,
				6CB7010421DE6F3800CF0429 /* MeuCardapioTableViewCell.swift in Sources */,
			);
			runOnlyForDeploymentPostprocessing = 0;
		};
		6CB700D121DD308D00CF0429 /* Sources */ = {
			isa = PBXSourcesBuildPhase;
			buildActionMask = 2147483647;
			files = (
				6CB700DA21DD308D00CF0429 /* AdegaTests.swift in Sources */,
			);
			runOnlyForDeploymentPostprocessing = 0;
		};
		6CB700DC21DD308D00CF0429 /* Sources */ = {
			isa = PBXSourcesBuildPhase;
			buildActionMask = 2147483647;
			files = (
				6CB700E521DD308D00CF0429 /* AdegaUITests.swift in Sources */,
			);
			runOnlyForDeploymentPostprocessing = 0;
		};
/* End PBXSourcesBuildPhase section */

/* Begin PBXTargetDependency section */
		6CB700D721DD308D00CF0429 /* PBXTargetDependency */ = {
			isa = PBXTargetDependency;
			target = 6CB700BD21DD308B00CF0429 /* Adega */;
			targetProxy = 6CB700D621DD308D00CF0429 /* PBXContainerItemProxy */;
		};
		6CB700E221DD308D00CF0429 /* PBXTargetDependency */ = {
			isa = PBXTargetDependency;
			target = 6CB700BD21DD308B00CF0429 /* Adega */;
			targetProxy = 6CB700E121DD308D00CF0429 /* PBXContainerItemProxy */;
		};
/* End PBXTargetDependency section */

/* Begin PBXVariantGroup section */
		6CB700C521DD308B00CF0429 /* Main.storyboard */ = {
			isa = PBXVariantGroup;
			children = (
				6CB700C621DD308B00CF0429 /* Base */,
			);
			name = Main.storyboard;
			sourceTree = "<group>";
		};
		6CB700CD21DD308D00CF0429 /* LaunchScreen.storyboard */ = {
			isa = PBXVariantGroup;
			children = (
				6CB700CE21DD308D00CF0429 /* Base */,
			);
			name = LaunchScreen.storyboard;
			sourceTree = "<group>";
		};
/* End PBXVariantGroup section */

/* Begin XCBuildConfiguration section */
		6CB700E721DD308D00CF0429 /* Debug */ = {
			isa = XCBuildConfiguration;
			buildSettings = {
				ALWAYS_SEARCH_USER_PATHS = NO;
				CLANG_ANALYZER_NONNULL = YES;
				CLANG_ANALYZER_NUMBER_OBJECT_CONVERSION = YES_AGGRESSIVE;
				CLANG_CXX_LANGUAGE_STANDARD = "gnu++14";
				CLANG_CXX_LIBRARY = "libc++";
				CLANG_ENABLE_MODULES = YES;
				CLANG_ENABLE_OBJC_ARC = YES;
				CLANG_ENABLE_OBJC_WEAK = YES;
				CLANG_WARN_BLOCK_CAPTURE_AUTORELEASING = YES;
				CLANG_WARN_BOOL_CONVERSION = YES;
				CLANG_WARN_COMMA = YES;
				CLANG_WARN_CONSTANT_CONVERSION = YES;
				CLANG_WARN_DEPRECATED_OBJC_IMPLEMENTATIONS = YES;
				CLANG_WARN_DIRECT_OBJC_ISA_USAGE = YES_ERROR;
				CLANG_WARN_DOCUMENTATION_COMMENTS = YES;
				CLANG_WARN_EMPTY_BODY = YES;
				CLANG_WARN_ENUM_CONVERSION = YES;
				CLANG_WARN_INFINITE_RECURSION = YES;
				CLANG_WARN_INT_CONVERSION = YES;
				CLANG_WARN_NON_LITERAL_NULL_CONVERSION = YES;
				CLANG_WARN_OBJC_IMPLICIT_RETAIN_SELF = YES;
				CLANG_WARN_OBJC_LITERAL_CONVERSION = YES;
				CLANG_WARN_OBJC_ROOT_CLASS = YES_ERROR;
				CLANG_WARN_RANGE_LOOP_ANALYSIS = YES;
				CLANG_WARN_STRICT_PROTOTYPES = YES;
				CLANG_WARN_SUSPICIOUS_MOVE = YES;
				CLANG_WARN_UNGUARDED_AVAILABILITY = YES_AGGRESSIVE;
				CLANG_WARN_UNREACHABLE_CODE = YES;
				CLANG_WARN__DUPLICATE_METHOD_MATCH = YES;
				CODE_SIGN_IDENTITY = "iPhone Developer";
				COPY_PHASE_STRIP = NO;
				DEBUG_INFORMATION_FORMAT = dwarf;
				ENABLE_STRICT_OBJC_MSGSEND = YES;
				ENABLE_TESTABILITY = YES;
				GCC_C_LANGUAGE_STANDARD = gnu11;
				GCC_DYNAMIC_NO_PIC = NO;
				GCC_NO_COMMON_BLOCKS = YES;
				GCC_OPTIMIZATION_LEVEL = 0;
				GCC_PREPROCESSOR_DEFINITIONS = (
					"DEBUG=1",
					"$(inherited)",
				);
				GCC_WARN_64_TO_32_BIT_CONVERSION = YES;
				GCC_WARN_ABOUT_RETURN_TYPE = YES_ERROR;
				GCC_WARN_UNDECLARED_SELECTOR = YES;
				GCC_WARN_UNINITIALIZED_AUTOS = YES_AGGRESSIVE;
				GCC_WARN_UNUSED_FUNCTION = YES;
				GCC_WARN_UNUSED_VARIABLE = YES;
				IPHONEOS_DEPLOYMENT_TARGET = 12.1;
				MTL_ENABLE_DEBUG_INFO = INCLUDE_SOURCE;
				MTL_FAST_MATH = YES;
				ONLY_ACTIVE_ARCH = YES;
				SDKROOT = iphoneos;
				SWIFT_ACTIVE_COMPILATION_CONDITIONS = DEBUG;
				SWIFT_OPTIMIZATION_LEVEL = "-Onone";
			};
			name = Debug;
		};
		6CB700E821DD308D00CF0429 /* Release */ = {
			isa = XCBuildConfiguration;
			buildSettings = {
				ALWAYS_SEARCH_USER_PATHS = NO;
				CLANG_ANALYZER_NONNULL = YES;
				CLANG_ANALYZER_NUMBER_OBJECT_CONVERSION = YES_AGGRESSIVE;
				CLANG_CXX_LANGUAGE_STANDARD = "gnu++14";
				CLANG_CXX_LIBRARY = "libc++";
				CLANG_ENABLE_MODULES = YES;
				CLANG_ENABLE_OBJC_ARC = YES;
				CLANG_ENABLE_OBJC_WEAK = YES;
				CLANG_WARN_BLOCK_CAPTURE_AUTORELEASING = YES;
				CLANG_WARN_BOOL_CONVERSION = YES;
				CLANG_WARN_COMMA = YES;
				CLANG_WARN_CONSTANT_CONVERSION = YES;
				CLANG_WARN_DEPRECATED_OBJC_IMPLEMENTATIONS = YES;
				CLANG_WARN_DIRECT_OBJC_ISA_USAGE = YES_ERROR;
				CLANG_WARN_DOCUMENTATION_COMMENTS = YES;
				CLANG_WARN_EMPTY_BODY = YES;
				CLANG_WARN_ENUM_CONVERSION = YES;
				CLANG_WARN_INFINITE_RECURSION = YES;
				CLANG_WARN_INT_CONVERSION = YES;
				CLANG_WARN_NON_LITERAL_NULL_CONVERSION = YES;
				CLANG_WARN_OBJC_IMPLICIT_RETAIN_SELF = YES;
				CLANG_WARN_OBJC_LITERAL_CONVERSION = YES;
				CLANG_WARN_OBJC_ROOT_CLASS = YES_ERROR;
				CLANG_WARN_RANGE_LOOP_ANALYSIS = YES;
				CLANG_WARN_STRICT_PROTOTYPES = YES;
				CLANG_WARN_SUSPICIOUS_MOVE = YES;
				CLANG_WARN_UNGUARDED_AVAILABILITY = YES_AGGRESSIVE;
				CLANG_WARN_UNREACHABLE_CODE = YES;
				CLANG_WARN__DUPLICATE_METHOD_MATCH = YES;
				CODE_SIGN_IDENTITY = "iPhone Developer";
				COPY_PHASE_STRIP = NO;
				DEBUG_INFORMATION_FORMAT = "dwarf-with-dsym";
				ENABLE_NS_ASSERTIONS = NO;
				ENABLE_STRICT_OBJC_MSGSEND = YES;
				GCC_C_LANGUAGE_STANDARD = gnu11;
				GCC_NO_COMMON_BLOCKS = YES;
				GCC_WARN_64_TO_32_BIT_CONVERSION = YES;
				GCC_WARN_ABOUT_RETURN_TYPE = YES_ERROR;
				GCC_WARN_UNDECLARED_SELECTOR = YES;
				GCC_WARN_UNINITIALIZED_AUTOS = YES_AGGRESSIVE;
				GCC_WARN_UNUSED_FUNCTION = YES;
				GCC_WARN_UNUSED_VARIABLE = YES;
				IPHONEOS_DEPLOYMENT_TARGET = 12.1;
				MTL_ENABLE_DEBUG_INFO = NO;
				MTL_FAST_MATH = YES;
				SDKROOT = iphoneos;
				SWIFT_COMPILATION_MODE = wholemodule;
				SWIFT_OPTIMIZATION_LEVEL = "-O";
				VALIDATE_PRODUCT = YES;
			};
			name = Release;
		};
		6CB700EA21DD308D00CF0429 /* Debug */ = {
			isa = XCBuildConfiguration;
			baseConfigurationReference = 165E953F8675B095DD22D1BE /* Pods-Adega.debug.xcconfig */;
			buildSettings = {
				ASSETCATALOG_COMPILER_APPICON_NAME = AppIcon;
				CODE_SIGN_STYLE = Automatic;
				DEVELOPMENT_TEAM = C4U6BT3YBD;
				INFOPLIST_FILE = Adega/Info.plist;
				LD_RUNPATH_SEARCH_PATHS = (
					"$(inherited)",
					"@executable_path/Frameworks",
				);
				PRODUCT_BUNDLE_IDENTIFIER = br.com.techlold.Adega;
				PRODUCT_NAME = "$(TARGET_NAME)";
				SWIFT_VERSION = 4.0;
				TARGETED_DEVICE_FAMILY = "1,2";
			};
			name = Debug;
		};
		6CB700EB21DD308D00CF0429 /* Release */ = {
			isa = XCBuildConfiguration;
			baseConfigurationReference = 1315E14C40A38BF5D7C079E9 /* Pods-Adega.release.xcconfig */;
			buildSettings = {
				ASSETCATALOG_COMPILER_APPICON_NAME = AppIcon;
				CODE_SIGN_STYLE = Automatic;
				DEVELOPMENT_TEAM = C4U6BT3YBD;
				INFOPLIST_FILE = Adega/Info.plist;
				LD_RUNPATH_SEARCH_PATHS = (
					"$(inherited)",
					"@executable_path/Frameworks",
				);
				PRODUCT_BUNDLE_IDENTIFIER = br.com.techlold.Adega;
				PRODUCT_NAME = "$(TARGET_NAME)";
				SWIFT_VERSION = 4.0;
				TARGETED_DEVICE_FAMILY = "1,2";
			};
			name = Release;
		};
		6CB700ED21DD308D00CF0429 /* Debug */ = {
			isa = XCBuildConfiguration;
			baseConfigurationReference = AAE9B5713A635330E21BC6E3 /* Pods-AdegaTests.debug.xcconfig */;
			buildSettings = {
				ALWAYS_EMBED_SWIFT_STANDARD_LIBRARIES = YES;
				BUNDLE_LOADER = "$(TEST_HOST)";
				CODE_SIGN_STYLE = Automatic;
				DEVELOPMENT_TEAM = UEJNTPTGX4;
				INFOPLIST_FILE = AdegaTests/Info.plist;
				LD_RUNPATH_SEARCH_PATHS = (
					"$(inherited)",
					"@executable_path/Frameworks",
					"@loader_path/Frameworks",
				);
				PRODUCT_BUNDLE_IDENTIFIER = br.com.techlold.AdegaTests;
				PRODUCT_NAME = "$(TARGET_NAME)";
				SWIFT_VERSION = 4.2;
				TARGETED_DEVICE_FAMILY = "1,2";
				TEST_HOST = "$(BUILT_PRODUCTS_DIR)/Adega.app/Adega";
			};
			name = Debug;
		};
		6CB700EE21DD308D00CF0429 /* Release */ = {
			isa = XCBuildConfiguration;
			baseConfigurationReference = D3538BCD36FF20DB060A5F62 /* Pods-AdegaTests.release.xcconfig */;
			buildSettings = {
				ALWAYS_EMBED_SWIFT_STANDARD_LIBRARIES = YES;
				BUNDLE_LOADER = "$(TEST_HOST)";
				CODE_SIGN_STYLE = Automatic;
				DEVELOPMENT_TEAM = UEJNTPTGX4;
				INFOPLIST_FILE = AdegaTests/Info.plist;
				LD_RUNPATH_SEARCH_PATHS = (
					"$(inherited)",
					"@executable_path/Frameworks",
					"@loader_path/Frameworks",
				);
				PRODUCT_BUNDLE_IDENTIFIER = br.com.techlold.AdegaTests;
				PRODUCT_NAME = "$(TARGET_NAME)";
				SWIFT_VERSION = 4.2;
				TARGETED_DEVICE_FAMILY = "1,2";
				TEST_HOST = "$(BUILT_PRODUCTS_DIR)/Adega.app/Adega";
			};
			name = Release;
		};
		6CB700F021DD308D00CF0429 /* Debug */ = {
			isa = XCBuildConfiguration;
			baseConfigurationReference = 57CE1FB1D30444B75A970EC8 /* Pods-AdegaUITests.debug.xcconfig */;
			buildSettings = {
				ALWAYS_EMBED_SWIFT_STANDARD_LIBRARIES = YES;
				CODE_SIGN_STYLE = Automatic;
				DEVELOPMENT_TEAM = UEJNTPTGX4;
				INFOPLIST_FILE = AdegaUITests/Info.plist;
				LD_RUNPATH_SEARCH_PATHS = (
					"$(inherited)",
					"@executable_path/Frameworks",
					"@loader_path/Frameworks",
				);
				PRODUCT_BUNDLE_IDENTIFIER = br.com.techlold.AdegaUITests;
				PRODUCT_NAME = "$(TARGET_NAME)";
				SWIFT_VERSION = 4.2;
				TARGETED_DEVICE_FAMILY = "1,2";
				TEST_TARGET_NAME = Adega;
			};
			name = Debug;
		};
		6CB700F121DD308D00CF0429 /* Release */ = {
			isa = XCBuildConfiguration;
			baseConfigurationReference = 2491D340FB735386C42072CA /* Pods-AdegaUITests.release.xcconfig */;
			buildSettings = {
				ALWAYS_EMBED_SWIFT_STANDARD_LIBRARIES = YES;
				CODE_SIGN_STYLE = Automatic;
				DEVELOPMENT_TEAM = UEJNTPTGX4;
				INFOPLIST_FILE = AdegaUITests/Info.plist;
				LD_RUNPATH_SEARCH_PATHS = (
					"$(inherited)",
					"@executable_path/Frameworks",
					"@loader_path/Frameworks",
				);
				PRODUCT_BUNDLE_IDENTIFIER = br.com.techlold.AdegaUITests;
				PRODUCT_NAME = "$(TARGET_NAME)";
				SWIFT_VERSION = 4.2;
				TARGETED_DEVICE_FAMILY = "1,2";
				TEST_TARGET_NAME = Adega;
			};
			name = Release;
		};
/* End XCBuildConfiguration section */

/* Begin XCConfigurationList section */
		6CB700B921DD308B00CF0429 /* Build configuration list for PBXProject "Adega" */ = {
			isa = XCConfigurationList;
			buildConfigurations = (
				6CB700E721DD308D00CF0429 /* Debug */,
				6CB700E821DD308D00CF0429 /* Release */,
			);
			defaultConfigurationIsVisible = 0;
			defaultConfigurationName = Release;
		};
		6CB700E921DD308D00CF0429 /* Build configuration list for PBXNativeTarget "Adega" */ = {
			isa = XCConfigurationList;
			buildConfigurations = (
				6CB700EA21DD308D00CF0429 /* Debug */,
				6CB700EB21DD308D00CF0429 /* Release */,
			);
			defaultConfigurationIsVisible = 0;
			defaultConfigurationName = Release;
		};
		6CB700EC21DD308D00CF0429 /* Build configuration list for PBXNativeTarget "AdegaTests" */ = {
			isa = XCConfigurationList;
			buildConfigurations = (
				6CB700ED21DD308D00CF0429 /* Debug */,
				6CB700EE21DD308D00CF0429 /* Release */,
			);
			defaultConfigurationIsVisible = 0;
			defaultConfigurationName = Release;
		};
		6CB700EF21DD308D00CF0429 /* Build configuration list for PBXNativeTarget "AdegaUITests" */ = {
			isa = XCConfigurationList;
			buildConfigurations = (
				6CB700F021DD308D00CF0429 /* Debug */,
				6CB700F121DD308D00CF0429 /* Release */,
			);
			defaultConfigurationIsVisible = 0;
			defaultConfigurationName = Release;
		};
/* End XCConfigurationList section */

/* Begin XCVersionGroup section */
		6CB700C821DD308B00CF0429 /* Adega.xcdatamodeld */ = {
			isa = XCVersionGroup;
			children = (
				6CB700C921DD308B00CF0429 /* Adega.xcdatamodel */,
			);
			currentVersion = 6CB700C921DD308B00CF0429 /* Adega.xcdatamodel */;
			path = Adega.xcdatamodeld;
			sourceTree = "<group>";
			versionGroupType = wrapper.xcdatamodel;
		};
/* End XCVersionGroup section */
	};
	rootObject = 6CB700B621DD308B00CF0429 /* Project object */;
}
